
Microsoft Visual Studio Solution File, Format Version 12.00
# Visual Studio Version 16
VisualStudioVersion = 16.0.30104.148
MinimumVisualStudioVersion = 10.0.40219.1
Project("{E24C65DC-7377-472B-9ABA-BC803B73C61A}") = "SmartPortalWeb", "SmartPortalWeb", "{D9D7D2E5-0379-47DD-BE86-CC006DA3EB60}"
	ProjectSection(WebsiteProperties) = preProject
		SccProjectName = ""
		SccAuxPath = ""
		SccLocalPath = ""
		SccProvider = ""
		TargetFrameworkMoniker = ".NETFramework,Version%3Dv4.0"
		ProjectReferences = "{55624F6F-DE93-4CF7-BB35-2562BA8E7ACF}|SmartPortal.Control.dll;{47948D00-DCDD-4E37-A806-6C8C8C8AAB95}|SmartPortal.DAL.dll;{BC9B53FD-3F72-4B92-BC0D-298A0F2A6F9F}|SmartPortal.Exception.dll;{BBE03DDA-467A-46FF-BC65-AFB37BDB7C59}|SmartPortal.SEMS.dll;{440C3487-12AF-45B1-B1BF-191A0BC56690}|SmartPortal.RemotingServices.dll;{509FB54C-271E-4413-82D5-E2289944B4E4}|SmartPortal.Constant.dll;{3FFF9CCF-EC40-4E0B-A3A7-5CADE986E247}|SmartPortal.IB.dll;{442683e5-5677-490b-a834-e64921bbf743}|SmartPortal.BLL.dll;{db2a1fc9-eca0-43fa-b512-7e33dd52c57d}|SmartPortal.Model.dll;"
		Debug.AspNetCompiler.VirtualPath = "/SmartPortalWeb"
		Debug.AspNetCompiler.PhysicalPath = "SmartPortalWeb\"
		Debug.AspNetCompiler.TargetPath = "PrecompiledWeb\SmartPortalWeb\"
		Debug.AspNetCompiler.Updateable = "true"
		Debug.AspNetCompiler.ForceOverwrite = "true"
		Debug.AspNetCompiler.FixedNames = "false"
		Debug.AspNetCompiler.Debug = "True"
		Release.AspNetCompiler.VirtualPath = "/SmartPortalWeb"
		Release.AspNetCompiler.PhysicalPath = "SmartPortalWeb\"
		Release.AspNetCompiler.TargetPath = "PrecompiledWeb\SmartPortalWeb\"
		Release.AspNetCompiler.Updateable = "true"
		Release.AspNetCompiler.ForceOverwrite = "true"
		Release.AspNetCompiler.FixedNames = "false"
		Release.AspNetCompiler.Debug = "False"
		VWDPort = "9874"
		SlnRelativePath = "SmartPortalWeb\"
	EndProjectSection
EndProject
Project("{FAE04EC0-301F-11D3-BF4B-00C04F79EFBC}") = "SmartPortal.Model", "DLL\SmartPortal.Model\SmartPortal.Model\SmartPortal.Model.csproj", "{DB2A1FC9-ECA0-43FA-B512-7E33DD52C57D}"
EndProject
Project("{FAE04EC0-301F-11D3-BF4B-00C04F79EFBC}") = "SmartPortal.DAL", "DLL\SmartPortal.DAL\SmartPortal.DAL.csproj", "{47948D00-DCDD-4E37-A806-6C8C8C8AAB95}"
EndProject
Project("{FAE04EC0-301F-11D3-BF4B-00C04F79EFBC}") = "SmartPortal.BLL", "DLL\SmartPortal.BLL\SmartPortal.BLL\SmartPortal.BLL.csproj", "{442683E5-5677-490B-A834-E64921BBF743}"
EndProject
Project("{FAE04EC0-301F-11D3-BF4B-00C04F79EFBC}") = "SmartPortal.Control", "DLL\SmartFPortal.Control\SmartPortal.Control\SmartPortal.Control.csproj", "{55624F6F-DE93-4CF7-BB35-2562BA8E7ACF}"
EndProject
Project("{FAE04EC0-301F-11D3-BF4B-00C04F79EFBC}") = "SmartPortal.ExceptionCollection", "SmartPortal.Exception\SmartPortal.ExceptionCollection.csproj", "{BC9B53FD-3F72-4B92-BC0D-298A0F2A6F9F}"
EndProject
Project("{FAE04EC0-301F-11D3-BF4B-00C04F79EFBC}") = "SmartPortal.SEMS", "SmartPortal.SEMS\SmartPortal.SEMS.csproj", "{BBE03DDA-467A-46FF-BC65-AFB37BDB7C59}"
EndProject
Project("{FAE04EC0-301F-11D3-BF4B-00C04F79EFBC}") = "SmartPortal.IB", "SmartPortal.IB\SmartPortal.IB.csproj", "{3FFF9CCF-EC40-4E0B-A3A7-5CADE986E247}"
EndProject
Project("{FAE04EC0-301F-11D3-BF4B-00C04F79EFBC}") = "SmartPortal.RemotingServices", "SmartPortal.RemotingServices\SmartPortal.RemotingServices.csproj", "{440C3487-12AF-45B1-B1BF-191A0BC56690}"
EndProject
Project("{FAE04EC0-301F-11D3-BF4B-00C04F79EFBC}") = "SmartPortal.Constant", "SmartPortal.Constant\SmartPortal.Constant.csproj", "{509FB54C-271E-4413-82D5-E2289944B4E4}"
EndProject
Global
	GlobalSection(SolutionConfigurationPlatforms) = preSolution
		Debug|Any CPU = Debug|Any CPU
		Debug|Mixed Platforms = Debug|Mixed Platforms
		Debug|x86 = Debug|x86
		Release 1|Any CPU = Release 1|Any CPU
		Release 1|Mixed Platforms = Release 1|Mixed Platforms
		Release 1|x86 = Release 1|x86
		Release|Any CPU = Release|Any CPU
		Release|Mixed Platforms = Release|Mixed Platforms
		Release|x86 = Release|x86
	EndGlobalSection
	GlobalSection(ProjectConfigurationPlatforms) = postSolution
		{D9D7D2E5-0379-47DD-BE86-CC006DA3EB60}.Debug|Any CPU.ActiveCfg = Debug|Any CPU
		{D9D7D2E5-0379-47DD-BE86-CC006DA3EB60}.Debug|Mixed Platforms.ActiveCfg = Debug|Any CPU
		{D9D7D2E5-0379-47DD-BE86-CC006DA3EB60}.Debug|Mixed Platforms.Build.0 = Debug|Any CPU
		{D9D7D2E5-0379-47DD-BE86-CC006DA3EB60}.Debug|x86.ActiveCfg = Debug|Any CPU
		{D9D7D2E5-0379-47DD-BE86-CC006DA3EB60}.Debug|x86.Build.0 = Debug|Any CPU
		{D9D7D2E5-0379-47DD-BE86-CC006DA3EB60}.Release 1|Any CPU.ActiveCfg = Debug|Any CPU
		{D9D7D2E5-0379-47DD-BE86-CC006DA3EB60}.Release 1|Any CPU.Build.0 = Debug|Any CPU
		{D9D7D2E5-0379-47DD-BE86-CC006DA3EB60}.Release 1|Mixed Platforms.ActiveCfg = Debug|Any CPU
		{D9D7D2E5-0379-47DD-BE86-CC006DA3EB60}.Release 1|Mixed Platforms.Build.0 = Debug|Any CPU
		{D9D7D2E5-0379-47DD-BE86-CC006DA3EB60}.Release 1|x86.ActiveCfg = Debug|Any CPU
		{D9D7D2E5-0379-47DD-BE86-CC006DA3EB60}.Release|Any CPU.ActiveCfg = Debug|Any CPU
		{D9D7D2E5-0379-47DD-BE86-CC006DA3EB60}.Release|Any CPU.Build.0 = Debug|Any CPU
		{D9D7D2E5-0379-47DD-BE86-CC006DA3EB60}.Release|Mixed Platforms.ActiveCfg = Debug|Any CPU
		{D9D7D2E5-0379-47DD-BE86-CC006DA3EB60}.Release|Mixed Platforms.Build.0 = Debug|Any CPU
		{D9D7D2E5-0379-47DD-BE86-CC006DA3EB60}.Release|x86.ActiveCfg = Debug|Any CPU
		{DB2A1FC9-ECA0-43FA-B512-7E33DD52C57D}.Debug|Any CPU.ActiveCfg = Debug|Any CPU
		{DB2A1FC9-ECA0-43FA-B512-7E33DD52C57D}.Debug|Any CPU.Build.0 = Debug|Any CPU
		{DB2A1FC9-ECA0-43FA-B512-7E33DD52C57D}.Debug|Mixed Platforms.ActiveCfg = Debug|Any CPU
		{DB2A1FC9-ECA0-43FA-B512-7E33DD52C57D}.Debug|Mixed Platforms.Build.0 = Debug|Any CPU
		{DB2A1FC9-ECA0-43FA-B512-7E33DD52C57D}.Debug|x86.ActiveCfg = Debug|x86
		{DB2A1FC9-ECA0-43FA-B512-7E33DD52C57D}.Debug|x86.Build.0 = Debug|x86
		{DB2A1FC9-ECA0-43FA-B512-7E33DD52C57D}.Release 1|Any CPU.ActiveCfg = Release 1|Any CPU
		{DB2A1FC9-ECA0-43FA-B512-7E33DD52C57D}.Release 1|Any CPU.Build.0 = Release 1|Any CPU
		{DB2A1FC9-ECA0-43FA-B512-7E33DD52C57D}.Release 1|Mixed Platforms.ActiveCfg = Release 1|x86
		{DB2A1FC9-ECA0-43FA-B512-7E33DD52C57D}.Release 1|Mixed Platforms.Build.0 = Release 1|x86
		{DB2A1FC9-ECA0-43FA-B512-7E33DD52C57D}.Release 1|x86.ActiveCfg = Release 1|x86
		{DB2A1FC9-ECA0-43FA-B512-7E33DD52C57D}.Release 1|x86.Build.0 = Release 1|x86
		{DB2A1FC9-ECA0-43FA-B512-7E33DD52C57D}.Release|Any CPU.ActiveCfg = Release|Any CPU
		{DB2A1FC9-ECA0-43FA-B512-7E33DD52C57D}.Release|Any CPU.Build.0 = Release|Any CPU
		{DB2A1FC9-ECA0-43FA-B512-7E33DD52C57D}.Release|Mixed Platforms.ActiveCfg = Release|Any CPU
		{DB2A1FC9-ECA0-43FA-B512-7E33DD52C57D}.Release|Mixed Platforms.Build.0 = Release|Any CPU
		{DB2A1FC9-ECA0-43FA-B512-7E33DD52C57D}.Release|x86.ActiveCfg = Release|x86
		{DB2A1FC9-ECA0-43FA-B512-7E33DD52C57D}.Release|x86.Build.0 = Release|x86
		{47948D00-DCDD-4E37-A806-6C8C8C8AAB95}.Debug|Any CPU.ActiveCfg = Debug|Any CPU
		{47948D00-DCDD-4E37-A806-6C8C8C8AAB95}.Debug|Any CPU.Build.0 = Debug|Any CPU
		{47948D00-DCDD-4E37-A806-6C8C8C8AAB95}.Debug|Mixed Platforms.ActiveCfg = Debug|Any CPU
		{47948D00-DCDD-4E37-A806-6C8C8C8AAB95}.Debug|Mixed Platforms.Build.0 = Debug|Any CPU
		{47948D00-DCDD-4E37-A806-6C8C8C8AAB95}.Debug|x86.ActiveCfg = Debug|x86
		{47948D00-DCDD-4E37-A806-6C8C8C8AAB95}.Debug|x86.Build.0 = Debug|x86
		{47948D00-DCDD-4E37-A806-6C8C8C8AAB95}.Release 1|Any CPU.ActiveCfg = Release 1|Any CPU
		{47948D00-DCDD-4E37-A806-6C8C8C8AAB95}.Release 1|Any CPU.Build.0 = Release 1|Any CPU
		{47948D00-DCDD-4E37-A806-6C8C8C8AAB95}.Release 1|Mixed Platforms.ActiveCfg = Release 1|x86
		{47948D00-DCDD-4E37-A806-6C8C8C8AAB95}.Release 1|Mixed Platforms.Build.0 = Release 1|x86
		{47948D00-DCDD-4E37-A806-6C8C8C8AAB95}.Release 1|x86.ActiveCfg = Release 1|x86
		{47948D00-DCDD-4E37-A806-6C8C8C8AAB95}.Release 1|x86.Build.0 = Release 1|x86
		{47948D00-DCDD-4E37-A806-6C8C8C8AAB95}.Release|Any CPU.ActiveCfg = Release|Any CPU
		{47948D00-DCDD-4E37-A806-6C8C8C8AAB95}.Release|Any CPU.Build.0 = Release|Any CPU
		{47948D00-DCDD-4E37-A806-6C8C8C8AAB95}.Release|Mixed Platforms.ActiveCfg = Release|Any CPU
		{47948D00-DCDD-4E37-A806-6C8C8C8AAB95}.Release|Mixed Platforms.Build.0 = Release|Any CPU
		{47948D00-DCDD-4E37-A806-6C8C8C8AAB95}.Release|x86.ActiveCfg = Release|x86
		{47948D00-DCDD-4E37-A806-6C8C8C8AAB95}.Release|x86.Build.0 = Release|x86
		{442683E5-5677-490B-A834-E64921BBF743}.Debug|Any CPU.ActiveCfg = Debug|Any CPU
		{442683E5-5677-490B-A834-E64921BBF743}.Debug|Any CPU.Build.0 = Debug|Any CPU
		{442683E5-5677-490B-A834-E64921BBF743}.Debug|Mixed Platforms.ActiveCfg = Debug|Any CPU
		{442683E5-5677-490B-A834-E64921BBF743}.Debug|Mixed Platforms.Build.0 = Debug|Any CPU
		{442683E5-5677-490B-A834-E64921BBF743}.Debug|x86.ActiveCfg = Debug|x86
		{442683E5-5677-490B-A834-E64921BBF743}.Debug|x86.Build.0 = Debug|x86
		{442683E5-5677-490B-A834-E64921BBF743}.Release 1|Any CPU.ActiveCfg = Release 1|Any CPU
		{442683E5-5677-490B-A834-E64921BBF743}.Release 1|Any CPU.Build.0 = Release 1|Any CPU
		{442683E5-5677-490B-A834-E64921BBF743}.Release 1|Mixed Platforms.ActiveCfg = Release 1|x86
		{442683E5-5677-490B-A834-E64921BBF743}.Release 1|Mixed Platforms.Build.0 = Release 1|x86
		{442683E5-5677-490B-A834-E64921BBF743}.Release 1|x86.ActiveCfg = Release 1|x86
		{442683E5-5677-490B-A834-E64921BBF743}.Release 1|x86.Build.0 = Release 1|x86
		{442683E5-5677-490B-A834-E64921BBF743}.Release|Any CPU.ActiveCfg = Release|Any CPU
		{442683E5-5677-490B-A834-E64921BBF743}.Release|Any CPU.Build.0 = Release|Any CPU
		{442683E5-5677-490B-A834-E64921BBF743}.Release|Mixed Platforms.ActiveCfg = Release|Any CPU
		{442683E5-5677-490B-A834-E64921BBF743}.Release|Mixed Platforms.Build.0 = Release|Any CPU
		{442683E5-5677-490B-A834-E64921BBF743}.Release|x86.ActiveCfg = Release|x86
		{442683E5-5677-490B-A834-E64921BBF743}.Release|x86.Build.0 = Release|x86
		{55624F6F-DE93-4CF7-BB35-2562BA8E7ACF}.Debug|Any CPU.ActiveCfg = Debug|Any CPU
		{55624F6F-DE93-4CF7-BB35-2562BA8E7ACF}.Debug|Any CPU.Build.0 = Debug|Any CPU
		{55624F6F-DE93-4CF7-BB35-2562BA8E7ACF}.Debug|Mixed Platforms.ActiveCfg = Debug|Any CPU
		{55624F6F-DE93-4CF7-BB35-2562BA8E7ACF}.Debug|Mixed Platforms.Build.0 = Debug|Any CPU
		{55624F6F-DE93-4CF7-BB35-2562BA8E7ACF}.Debug|x86.ActiveCfg = Debug|x86
		{55624F6F-DE93-4CF7-BB35-2562BA8E7ACF}.Debug|x86.Build.0 = Debug|x86
		{55624F6F-DE93-4CF7-BB35-2562BA8E7ACF}.Release 1|Any CPU.ActiveCfg = Release 1|Any CPU
		{55624F6F-DE93-4CF7-BB35-2562BA8E7ACF}.Release 1|Any CPU.Build.0 = Release 1|Any CPU
		{55624F6F-DE93-4CF7-BB35-2562BA8E7ACF}.Release 1|Mixed Platforms.ActiveCfg = Release 1|x86
		{55624F6F-DE93-4CF7-BB35-2562BA8E7ACF}.Release 1|Mixed Platforms.Build.0 = Release 1|x86
		{55624F6F-DE93-4CF7-BB35-2562BA8E7ACF}.Release 1|x86.ActiveCfg = Release 1|x86
		{55624F6F-DE93-4CF7-BB35-2562BA8E7ACF}.Release 1|x86.Build.0 = Release 1|x86
		{55624F6F-DE93-4CF7-BB35-2562BA8E7ACF}.Release|Any CPU.ActiveCfg = Release|Any CPU
		{55624F6F-DE93-4CF7-BB35-2562BA8E7ACF}.Release|Any CPU.Build.0 = Release|Any CPU
		{55624F6F-DE93-4CF7-BB35-2562BA8E7ACF}.Release|Mixed Platforms.ActiveCfg = Release|Any CPU
		{55624F6F-DE93-4CF7-BB35-2562BA8E7ACF}.Release|Mixed Platforms.Build.0 = Release|Any CPU
		{55624F6F-DE93-4CF7-BB35-2562BA8E7ACF}.Release|x86.ActiveCfg = Release|x86
		{55624F6F-DE93-4CF7-BB35-2562BA8E7ACF}.Release|x86.Build.0 = Release|x86
		{BC9B53FD-3F72-4B92-BC0D-298A0F2A6F9F}.Debug|Any CPU.ActiveCfg = Debug|Any CPU
		{BC9B53FD-3F72-4B92-BC0D-298A0F2A6F9F}.Debug|Any CPU.Build.0 = Debug|Any CPU
		{BC9B53FD-3F72-4B92-BC0D-298A0F2A6F9F}.Debug|Mixed Platforms.ActiveCfg = Debug|Any CPU
		{BC9B53FD-3F72-4B92-BC0D-298A0F2A6F9F}.Debug|Mixed Platforms.Build.0 = Debug|Any CPU
		{BC9B53FD-3F72-4B92-BC0D-298A0F2A6F9F}.Debug|x86.ActiveCfg = Debug|x86
		{BC9B53FD-3F72-4B92-BC0D-298A0F2A6F9F}.Debug|x86.Build.0 = Debug|x86
		{BC9B53FD-3F72-4B92-BC0D-298A0F2A6F9F}.Release 1|Any CPU.ActiveCfg = Release 1|Any CPU
		{BC9B53FD-3F72-4B92-BC0D-298A0F2A6F9F}.Release 1|Any CPU.Build.0 = Release 1|Any CPU
		{BC9B53FD-3F72-4B92-BC0D-298A0F2A6F9F}.Release 1|Mixed Platforms.ActiveCfg = Release 1|x86
		{BC9B53FD-3F72-4B92-BC0D-298A0F2A6F9F}.Release 1|Mixed Platforms.Build.0 = Release 1|x86
		{BC9B53FD-3F72-4B92-BC0D-298A0F2A6F9F}.Release 1|x86.ActiveCfg = Release 1|x86
		{BC9B53FD-3F72-4B92-BC0D-298A0F2A6F9F}.Release 1|x86.Build.0 = Release 1|x86
		{BC9B53FD-3F72-4B92-BC0D-298A0F2A6F9F}.Release|Any CPU.ActiveCfg = Release|Any CPU
		{BC9B53FD-3F72-4B92-BC0D-298A0F2A6F9F}.Release|Any CPU.Build.0 = Release|Any CPU
		{BC9B53FD-3F72-4B92-BC0D-298A0F2A6F9F}.Release|Mixed Platforms.ActiveCfg = Release|Any CPU
		{BC9B53FD-3F72-4B92-BC0D-298A0F2A6F9F}.Release|Mixed Platforms.Build.0 = Release|Any CPU
		{BC9B53FD-3F72-4B92-BC0D-298A0F2A6F9F}.Release|x86.ActiveCfg = Release|x86
		{BC9B53FD-3F72-4B92-BC0D-298A0F2A6F9F}.Release|x86.Build.0 = Release|x86
		{BBE03DDA-467A-46FF-BC65-AFB37BDB7C59}.Debug|Any CPU.ActiveCfg = Debug|Any CPU
		{BBE03DDA-467A-46FF-BC65-AFB37BDB7C59}.Debug|Any CPU.Build.0 = Debug|Any CPU
		{BBE03DDA-467A-46FF-BC65-AFB37BDB7C59}.Debug|Mixed Platforms.ActiveCfg = Debug|Any CPU
		{BBE03DDA-467A-46FF-BC65-AFB37BDB7C59}.Debug|Mixed Platforms.Build.0 = Debug|Any CPU
		{BBE03DDA-467A-46FF-BC65-AFB37BDB7C59}.Debug|x86.ActiveCfg = Debug|x86
		{BBE03DDA-467A-46FF-BC65-AFB37BDB7C59}.Debug|x86.Build.0 = Debug|x86
		{BBE03DDA-467A-46FF-BC65-AFB37BDB7C59}.Release 1|Any CPU.ActiveCfg = Release 1|Any CPU
		{BBE03DDA-467A-46FF-BC65-AFB37BDB7C59}.Release 1|Any CPU.Build.0 = Release 1|Any CPU
		{BBE03DDA-467A-46FF-BC65-AFB37BDB7C59}.Release 1|Mixed Platforms.ActiveCfg = Release 1|x86
		{BBE03DDA-467A-46FF-BC65-AFB37BDB7C59}.Release 1|Mixed Platforms.Build.0 = Release 1|x86
		{BBE03DDA-467A-46FF-BC65-AFB37BDB7C59}.Release 1|x86.ActiveCfg = Release 1|x86
		{BBE03DDA-467A-46FF-BC65-AFB37BDB7C59}.Release 1|x86.Build.0 = Release 1|x86
		{BBE03DDA-467A-46FF-BC65-AFB37BDB7C59}.Release|Any CPU.ActiveCfg = Release|Any CPU
		{BBE03DDA-467A-46FF-BC65-AFB37BDB7C59}.Release|Any CPU.Build.0 = Release|Any CPU
		{BBE03DDA-467A-46FF-BC65-AFB37BDB7C59}.Release|Mixed Platforms.ActiveCfg = Release|Any CPU
		{BBE03DDA-467A-46FF-BC65-AFB37BDB7C59}.Release|Mixed Platforms.Build.0 = Release|Any CPU
		{BBE03DDA-467A-46FF-BC65-AFB37BDB7C59}.Release|x86.ActiveCfg = Release|x86
		{BBE03DDA-467A-46FF-BC65-AFB37BDB7C59}.Release|x86.Build.0 = Release|x86
		{3FFF9CCF-EC40-4E0B-A3A7-5CADE986E247}.Debug|Any CPU.ActiveCfg = Debug|Any CPU
		{3FFF9CCF-EC40-4E0B-A3A7-5CADE986E247}.Debug|Any CPU.Build.0 = Debug|Any CPU
		{3FFF9CCF-EC40-4E0B-A3A7-5CADE986E247}.Debug|Mixed Platforms.ActiveCfg = Debug|Any CPU
		{3FFF9CCF-EC40-4E0B-A3A7-5CADE986E247}.Debug|Mixed Platforms.Build.0 = Debug|Any CPU
		{3FFF9CCF-EC40-4E0B-A3A7-5CADE986E247}.Debug|x86.ActiveCfg = Debug|x86
		{3FFF9CCF-EC40-4E0B-A3A7-5CADE986E247}.Debug|x86.Build.0 = Debug|x86
		{3FFF9CCF-EC40-4E0B-A3A7-5CADE986E247}.Release 1|Any CPU.ActiveCfg = Release 1|Any CPU
		{3FFF9CCF-EC40-4E0B-A3A7-5CADE986E247}.Release 1|Any CPU.Build.0 = Release 1|Any CPU
		{3FFF9CCF-EC40-4E0B-A3A7-5CADE986E247}.Release 1|Mixed Platforms.ActiveCfg = Release 1|x86
		{3FFF9CCF-EC40-4E0B-A3A7-5CADE986E247}.Release 1|Mixed Platforms.Build.0 = Release 1|x86
		{3FFF9CCF-EC40-4E0B-A3A7-5CADE986E247}.Release 1|x86.ActiveCfg = Release 1|x86
		{3FFF9CCF-EC40-4E0B-A3A7-5CADE986E247}.Release 1|x86.Build.0 = Release 1|x86
		{3FFF9CCF-EC40-4E0B-A3A7-5CADE986E247}.Release|Any CPU.ActiveCfg = Release|Any CPU
		{3FFF9CCF-EC40-4E0B-A3A7-5CADE986E247}.Release|Any CPU.Build.0 = Release|Any CPU
		{3FFF9CCF-EC40-4E0B-A3A7-5CADE986E247}.Release|Mixed Platforms.ActiveCfg = Release|Any CPU
		{3FFF9CCF-EC40-4E0B-A3A7-5CADE986E247}.Release|Mixed Platforms.Build.0 = Release|Any CPU
		{3FFF9CCF-EC40-4E0B-A3A7-5CADE986E247}.Release|x86.ActiveCfg = Release|x86
		{3FFF9CCF-EC40-4E0B-A3A7-5CADE986E247}.Release|x86.Build.0 = Release|x86
		{440C3487-12AF-45B1-B1BF-191A0BC56690}.Debug|Any CPU.ActiveCfg = Debug|Any CPU
		{440C3487-12AF-45B1-B1BF-191A0BC56690}.Debug|Any CPU.Build.0 = Debug|Any CPU
		{440C3487-12AF-45B1-B1BF-191A0BC56690}.Debug|Mixed Platforms.ActiveCfg = Debug|Any CPU
		{440C3487-12AF-45B1-B1BF-191A0BC56690}.Debug|Mixed Platforms.Build.0 = Debug|Any CPU
		{440C3487-12AF-45B1-B1BF-191A0BC56690}.Debug|x86.ActiveCfg = Debug|x86
		{440C3487-12AF-45B1-B1BF-191A0BC56690}.Debug|x86.Build.0 = Debug|x86
		{440C3487-12AF-45B1-B1BF-191A0BC56690}.Release 1|Any CPU.ActiveCfg = Release 1|Any CPU
		{440C3487-12AF-45B1-B1BF-191A0BC56690}.Release 1|Any CPU.Build.0 = Release 1|Any CPU
		{440C3487-12AF-45B1-B1BF-191A0BC56690}.Release 1|Mixed Platforms.ActiveCfg = Release 1|x86
		{440C3487-12AF-45B1-B1BF-191A0BC56690}.Release 1|Mixed Platforms.Build.0 = Release 1|x86
		{440C3487-12AF-45B1-B1BF-191A0BC56690}.Release 1|x86.ActiveCfg = Release 1|x86
		{440C3487-12AF-45B1-B1BF-191A0BC56690}.Release 1|x86.Build.0 = Release 1|x86
		{440C3487-12AF-45B1-B1BF-191A0BC56690}.Release|Any CPU.ActiveCfg = Release|Any CPU
		{440C3487-12AF-45B1-B1BF-191A0BC56690}.Release|Any CPU.Build.0 = Release|Any CPU
		{440C3487-12AF-45B1-B1BF-191A0BC56690}.Release|Mixed Platforms.ActiveCfg = Release|Any CPU
		{440C3487-12AF-45B1-B1BF-191A0BC56690}.Release|Mixed Platforms.Build.0 = Release|Any CPU
		{440C3487-12AF-45B1-B1BF-191A0BC56690}.Release|x86.ActiveCfg = Release|x86
		{440C3487-12AF-45B1-B1BF-191A0BC56690}.Release|x86.Build.0 = Release|x86
		{509FB54C-271E-4413-82D5-E2289944B4E4}.Debug|Any CPU.ActiveCfg = Debug|Any CPU
		{509FB54C-271E-4413-82D5-E2289944B4E4}.Debug|Any CPU.Build.0 = Debug|Any CPU
		{509FB54C-271E-4413-82D5-E2289944B4E4}.Debug|Mixed Platforms.ActiveCfg = Debug|Any CPU
		{509FB54C-271E-4413-82D5-E2289944B4E4}.Debug|Mixed Platforms.Build.0 = Debug|Any CPU
		{509FB54C-271E-4413-82D5-E2289944B4E4}.Debug|x86.ActiveCfg = Debug|x86
		{509FB54C-271E-4413-82D5-E2289944B4E4}.Debug|x86.Build.0 = Debug|x86
		{509FB54C-271E-4413-82D5-E2289944B4E4}.Release 1|Any CPU.ActiveCfg = Release 1|Any CPU
		{509FB54C-271E-4413-82D5-E2289944B4E4}.Release 1|Any CPU.Build.0 = Release 1|Any CPU
		{509FB54C-271E-4413-82D5-E2289944B4E4}.Release 1|Mixed Platforms.ActiveCfg = Release 1|x86
		{509FB54C-271E-4413-82D5-E2289944B4E4}.Release 1|Mixed Platforms.Build.0 = Release 1|x86
		{509FB54C-271E-4413-82D5-E2289944B4E4}.Release 1|x86.ActiveCfg = Release 1|x86
		{509FB54C-271E-4413-82D5-E2289944B4E4}.Release 1|x86.Build.0 = Release 1|x86
		{509FB54C-271E-4413-82D5-E2289944B4E4}.Release|Any CPU.ActiveCfg = Release|Any CPU
		{509FB54C-271E-4413-82D5-E2289944B4E4}.Release|Any CPU.Build.0 = Release|Any CPU
		{509FB54C-271E-4413-82D5-E2289944B4E4}.Release|Mixed Platforms.ActiveCfg = Release|Any CPU
		{509FB54C-271E-4413-82D5-E2289944B4E4}.Release|Mixed Platforms.Build.0 = Release|Any CPU
		{509FB54C-271E-4413-82D5-E2289944B4E4}.Release|x86.ActiveCfg = Release|x86
		{509FB54C-271E-4413-82D5-E2289944B4E4}.Release|x86.Build.0 = Release|x86
	EndGlobalSection
	GlobalSection(SolutionProperties) = preSolution
		HideSolutionNode = FALSE
	EndGlobalSection
	GlobalSection(ExtensibilityGlobals) = postSolution
		SolutionGuid = {65A4CA01-3CE0-43FA-B8B9-F978887E6BB7}
	EndGlobalSection
	GlobalSection(SourceCodeControl) = preSolution
		SccNumberOfProjects = 13
		SccProjectName0 = \u0022$/01.SOURCECODE/001.SEMS/SmartPortalWeb\u0022,\u0020FAAAAAAA
		SccLocalPath0 = .
		SccProvider0 = MSSCCI:Microsoft\u0020Visual\u0020SourceSafe
		CanCheckoutShared = false
		SccProjectUniqueName1 = DLL\\SmartFPortal.Control\\SmartPortal.Control\\SmartPortal.Control.csproj
		SccLocalPath1 = .
		SccProjectFilePathRelativizedFromConnection1 = DLL\\SmartFPortal.Control\\SmartPortal.Control\\
		SccProjectUniqueName2 = DLL\\SmartPortal.BLL\\SmartPortal.BLL\\SmartPortal.BLL.csproj
		SccLocalPath2 = .
		SccProjectFilePathRelativizedFromConnection2 = DLL\\SmartPortal.BLL\\SmartPortal.BLL\\
		SccProjectUniqueName3 = DLL\\SmartPortal.DAL\\SmartPortal.DAL.csproj
		SccLocalPath3 = .
		SccProjectFilePathRelativizedFromConnection3 = DLL\\SmartPortal.DAL\\
		SccProjectUniqueName4 = DLL\\SmartPortal.Model\\SmartPortal.Model\\SmartPortal.Model.csproj
		SccLocalPath4 = .
		SccProjectFilePathRelativizedFromConnection4 = DLL\\SmartPortal.Model\\SmartPortal.Model\\
		SccProjectUniqueName5 = SmartPortal.Constant\\SmartPortal.Constant.csproj
		SccLocalPath5 = .
		SccProjectFilePathRelativizedFromConnection5 = SmartPortal.Constant\\
		SccProjectUniqueName6 = SmartPortal.Exception\\SmartPortal.ExceptionCollection.csproj
		SccLocalPath6 = .
		SccProjectFilePathRelativizedFromConnection6 = SmartPortal.Exception\\
		SccProjectUniqueName7 = SmartPortal.IB\\SmartPortal.IB.csproj
		SccLocalPath7 = .
		SccProjectFilePathRelativizedFromConnection7 = SmartPortal.IB\\
		SccProjectUniqueName8 = SmartPortal.PhuongNamInterface\\SmartPortal.PhuongNamInterface.csproj
		SccLocalPath8 = .
		SccProjectFilePathRelativizedFromConnection8 = SmartPortal.PhuongNamInterface\\
		SccProjectUniqueName9 = SmartPortal.RemotingServices\\SmartPortal.RemotingServices.csproj
		SccLocalPath9 = .
		SccProjectFilePathRelativizedFromConnection9 = SmartPortal.RemotingServices\\
		SccProjectUniqueName10 = SmartPortal.SEMS\\SmartPortal.SEMS.csproj
		SccLocalPath10 = .
		SccProjectFilePathRelativizedFromConnection10 = SmartPortal.SEMS\\
		SccProjectUniqueName11 = SmartPortal.Test\\SmartPortal.Test.csproj
		SccLocalPath11 = .
		SccProjectFilePathRelativizedFromConnection11 = SmartPortal.Test\\
		SccWebProject12 = true
		SccProjectUniqueName12 = SmartPortalWeb
		SccLocalPath12 = .
		SccProjectFilePathRelativizedFromConnection12 = SmartPortalWeb\\
		SccProjectEnlistmentChoice12 = 2
	EndGlobalSection
EndGlobal
