
Microsoft Visual Studio Solution File, Format Version 12.00
# Visual Studio Version 17
VisualStudioVersion = 17.4.33205.214
MinimumVisualStudioVersion = 10.0.40219.1
Project("{2150E333-8FDC-42A3-9474-1A3956D46DE8}") = "IPCServer", "IPCServer", "{6288936A-1038-45C2-9DBC-EBD56B32FF7F}"
EndProject
Project("{2150E333-8FDC-42A3-9474-1A3956D46DE8}") = "Core", "Core", "{5B08F2FB-528C-4F9A-83D7-EB5C6FCB14B4}"
EndProject
Project("{2150E333-8FDC-42A3-9474-1A3956D46DE8}") = "Services", "Services", "{57BEA193-7494-4266-B770-B79273488D31}"
EndProject
Project("{2150E333-8FDC-42A3-9474-1A3956D46DE8}") = "Common", "Common", "{B4B90484-EAA0-4C04-B4E2-6EC0C3F41998}"
EndProject
Project("{2150E333-8FDC-42A3-9474-1A3956D46DE8}") = "CoreInterfaces", "CoreInterfaces", "{6CF95594-E624-4B58-ADD1-E2DEE832C648}"
EndProject
Project("{2150E333-8FDC-42A3-9474-1A3956D46DE8}") = "SMSGATEWAY", "SMSGATEWAY", "{1E4213B9-B7A8-48ED-8FE7-7EFFF5DEF55C}"
EndProject
Project("{2150E333-8FDC-42A3-9474-1A3956D46DE8}") = "SMSServices", "SMSServices", "{7D10A961-B88F-4A92-8751-43357D348895}"
EndProject
Project("{2150E333-8FDC-42A3-9474-1A3956D46DE8}") = "SMSSuplier", "SMSSuplier", "{BBC36472-87ED-4F72-8E63-A5555A32691B}"
EndProject
Project("{FAE04EC0-301F-11D3-BF4B-00C04F79EFBC}") = "DBConnection", "Common\DBConnection\DBConnection.csproj", "{A0B3E3FF-8A73-41D1-9766-A039CB5D08FF}"
EndProject
Project("{FAE04EC0-301F-11D3-BF4B-00C04F79EFBC}") = "Utility", "IPCServer\Utility\Utility.csproj", "{7ABE3CD0-6A1C-43DD-B412-05BF21AB3512}"
EndProject
Project("{FAE04EC0-301F-11D3-BF4B-00C04F79EFBC}") = "Transaction", "IPCServer\Core\Transaction\Transaction.csproj", "{8B94B5AA-8CAD-40B2-9141-FAA792E498A0}"
EndProject
Project("{FAE04EC0-301F-11D3-BF4B-00C04F79EFBC}") = "ITransaction", "IPCServer\CoreInterfaces\ITransaction\ITransaction.csproj", "{5400CE2B-6E7A-460C-9A5F-FFB335C7B8FD}"
EndProject
Project("{FAE04EC0-301F-11D3-BF4B-00C04F79EFBC}") = "Interfaces", "IPCServer\Core\Interfaces\Interfaces.csproj", "{E8168334-E9D3-4745-9349-9F4B961BF9AF}"
EndProject
Project("{FAE04EC0-301F-11D3-BF4B-00C04F79EFBC}") = "RMService", "IPCServer\Services\RMService\RMService.csproj", "{82A924BE-F824-4C48-9B0C-0181D2D9EEAA}"
EndProject
Project("{FAE04EC0-301F-11D3-BF4B-00C04F79EFBC}") = "ServiceControl", "IPCServer\Core\ServiceControl\ServiceControl.csproj", "{F7371E52-FDA6-4210-96D7-42E5CD66A82A}"
EndProject
Project("{FAE04EC0-301F-11D3-BF4B-00C04F79EFBC}") = "Formatters", "IPCServer\Core\Formatters\Formatters.csproj", "{B262AA85-EC91-44F5-98B9-321E9548412D}"
EndProject
Project("{FAE04EC0-301F-11D3-BF4B-00C04F79EFBC}") = "Authentication", "IPCServer\Core\Authentication\Authentication.csproj", "{411E2102-3DFB-4351-95D3-29B075806C08}"
EndProject
Project("{FAE04EC0-301F-11D3-BF4B-00C04F79EFBC}") = "SMSProcessMsgOut", "SMSGATEWAY\SMSServices\SMSProcessMsgOut\SMSProcessMsgOut.csproj", "{98D36597-51DF-4B24-9B4F-B91048A72760}"
EndProject
Project("{FAE04EC0-301F-11D3-BF4B-00C04F79EFBC}") = "Schedules", "IPCServer\Core\Schedules\Schedules.csproj", "{F2FA32E3-10CE-4431-89B8-BBB1168D0BB0}"
EndProject
Project("{FAE04EC0-301F-11D3-BF4B-00C04F79EFBC}") = "SMSUtility", "SMSGATEWAY\SMSUtility\SMSUtility.csproj", "{EB348A4F-577F-4420-81D2-E3D40CE8C137}"
EndProject
Project("{FAE04EC0-301F-11D3-BF4B-00C04F79EFBC}") = "SMSProcessMsgIn", "SMSGATEWAY\SMSServices\SMSProcessMsgIn\SMSProcessMsgIn.csproj", "{6B167EFF-3396-4983-B5B4-6E2BDDA3CA4E}"
EndProject
Project("{FAE04EC0-301F-11D3-BF4B-00C04F79EFBC}") = "SMSProcesssMsgMain", "SMSGATEWAY\SMSServices\SMSProcesssMsgMain\SMSProcesssMsgMain.csproj", "{05D02296-91D1-41EA-A04F-41F9E1562F5A}"
EndProject
Project("{FAE04EC0-301F-11D3-BF4B-00C04F79EFBC}") = "SMSOneWay", "SMSGATEWAY\SMSServices\SMSOneWay\SMSOneWay.csproj", "{5D6158CF-2A1F-47A4-B8AA-F81106E63330}"
EndProject
Project("{FAE04EC0-301F-11D3-BF4B-00C04F79EFBC}") = "SMSProcessMsgMT", "SMSGATEWAY\SMSServices\SMSProcessMsgMT\SMSProcessMsgMT.csproj", "{4E494CF3-AF1A-4CC1-ABBF-177E5E51DBEF}"
EndProject
Project("{FAE04EC0-301F-11D3-BF4B-00C04F79EFBC}") = "SMSProcessGetMsgInbyGSM", "SMSGATEWAY\SMSServices\SMSProcessGetMsgInbyGSM\SMSProcessGetMsgInbyGSM.csproj", "{F2AF3591-B9A0-4691-BF11-4BE02370BF05}"
EndProject
Project("{2150E333-8FDC-42A3-9474-1A3956D46DE8}") = "SMSGW", "SMSGW", "{44B96304-5DFB-453B-B8D8-30A1DAC63315}"
EndProject
Project("{FAE04EC0-301F-11D3-BF4B-00C04F79EFBC}") = "SMSGWProcess", "SMSGATEWAY\SMSSuplier\SMSGW\SMSGWProcess\SMSGWProcess.csproj", "{739A3CA7-C791-40C6-9A0A-BFCD25C223EF}"
EndProject
Project("{FAE04EC0-301F-11D3-BF4B-00C04F79EFBC}") = "PNService", "IPCServer\Services\PNService\PNService.csproj", "{CC6D61EA-937D-4FBA-B7F2-02D98AF784D3}"
EndProject
Project("{FAE04EC0-301F-11D3-BF4B-00C04F79EFBC}") = "MBServiceV2", "IPCServer\Services\MBServiceV2\MBServiceV2.csproj", "{A04D0CDC-14FA-4CED-B866-CE2A0F357AB5}"
EndProject
Project("{FAE04EC0-301F-11D3-BF4B-00C04F79EFBC}") = "CLWWebService", "IPCServer\Services\CLWWebService\CLWWebService.csproj", "{98AD1724-53D7-439D-A8EC-0C35F56C6BFB}"
EndProject
Project("{FAE04EC0-301F-11D3-BF4B-00C04F79EFBC}") = "AutoRefundService", "IPCServer\Services\AutoRefundSchedule\AutoRefundService.csproj", "{12CB2F31-3525-4A8C-8CF6-DE177A194D1A}"
EndProject
Project("{FAE04EC0-301F-11D3-BF4B-00C04F79EFBC}") = "Notification", "IPCServer\Core\Notification\Notification.csproj", "{B1ACD139-5512-46E3-A47B-CD66023C9063}"
EndProject
Project("{FAE04EC0-301F-11D3-BF4B-00C04F79EFBC}") = "SMSProcessMsgVMG", "SMSGATEWAY\SMSServices\SMSProcessMsgVMG\SMSProcessMsgVMG.csproj", "{5E995ED5-1A22-4A50-A866-381359C80C2A}"
EndProject
Project("{FAE04EC0-301F-11D3-BF4B-00C04F79EFBC}") = "InterbankTransferService", "IPCServer\Services\InterbankTransferService\InterbankTransferService.csproj", "{5038A699-2C69-4B8F-A436-C7463DE359AE}"
EndProject
Project("{FAE04EC0-301F-11D3-BF4B-00C04F79EFBC}") = "ForwardAPI", "IPCServer\Services\ForwardAPI\ForwardAPI.csproj", "{EC7F07D0-B196-4ADF-94D0-FE6AF74BD30C}"
EndProject
Project("{FAE04EC0-301F-11D3-BF4B-00C04F79EFBC}") = "DownloadImageAPI", "IPCServer\Services\DownloadImageAPI\DownloadImageAPI.csproj", "{022DDD4D-7A6E-4B50-8345-5CE9B81EDCE1}"
EndProject
Project("{FAE04EC0-301F-11D3-BF4B-00C04F79EFBC}") = "LAPNETAPI", "IPCServer\Services\LAPNETAPI\LAPNETAPI.csproj", "{FFD7E868-4AAA-451C-A3F5-3A9F7FC84846}"
EndProject
Global
	GlobalSection(SolutionConfigurationPlatforms) = preSolution
		Debug|Any CPU = Debug|Any CPU
		Debug|x64 = Debug|x64
		Debug|x86 = Debug|x86
		Release|Any CPU = Release|Any CPU
		Release|x64 = Release|x64
		Release|x86 = Release|x86
	EndGlobalSection
	GlobalSection(ProjectConfigurationPlatforms) = postSolution
		{A0B3E3FF-8A73-41D1-9766-A039CB5D08FF}.Debug|Any CPU.ActiveCfg = Debug|Any CPU
		{A0B3E3FF-8A73-41D1-9766-A039CB5D08FF}.Debug|Any CPU.Build.0 = Debug|Any CPU
		{A0B3E3FF-8A73-41D1-9766-A039CB5D08FF}.Debug|x64.ActiveCfg = Debug|Any CPU
		{A0B3E3FF-8A73-41D1-9766-A039CB5D08FF}.Debug|x86.ActiveCfg = Debug|Any CPU
		{A0B3E3FF-8A73-41D1-9766-A039CB5D08FF}.Release|Any CPU.ActiveCfg = Release|Any CPU
		{A0B3E3FF-8A73-41D1-9766-A039CB5D08FF}.Release|Any CPU.Build.0 = Release|Any CPU
		{A0B3E3FF-8A73-41D1-9766-A039CB5D08FF}.Release|x64.ActiveCfg = Release|Any CPU
		{A0B3E3FF-8A73-41D1-9766-A039CB5D08FF}.Release|x86.ActiveCfg = Release|Any CPU
		{7ABE3CD0-6A1C-43DD-B412-05BF21AB3512}.Debug|Any CPU.ActiveCfg = Debug|Any CPU
		{7ABE3CD0-6A1C-43DD-B412-05BF21AB3512}.Debug|Any CPU.Build.0 = Debug|Any CPU
		{7ABE3CD0-6A1C-43DD-B412-05BF21AB3512}.Debug|x64.ActiveCfg = Debug|Any CPU
		{7ABE3CD0-6A1C-43DD-B412-05BF21AB3512}.Debug|x86.ActiveCfg = Debug|Any CPU
		{7ABE3CD0-6A1C-43DD-B412-05BF21AB3512}.Release|Any CPU.ActiveCfg = Release|Any CPU
		{7ABE3CD0-6A1C-43DD-B412-05BF21AB3512}.Release|Any CPU.Build.0 = Release|Any CPU
		{7ABE3CD0-6A1C-43DD-B412-05BF21AB3512}.Release|x64.ActiveCfg = Release|Any CPU
		{7ABE3CD0-6A1C-43DD-B412-05BF21AB3512}.Release|x86.ActiveCfg = Release|Any CPU
		{8B94B5AA-8CAD-40B2-9141-FAA792E498A0}.Debug|Any CPU.ActiveCfg = Debug|Any CPU
		{8B94B5AA-8CAD-40B2-9141-FAA792E498A0}.Debug|Any CPU.Build.0 = Debug|Any CPU
		{8B94B5AA-8CAD-40B2-9141-FAA792E498A0}.Debug|x64.ActiveCfg = Debug|Any CPU
		{8B94B5AA-8CAD-40B2-9141-FAA792E498A0}.Debug|x86.ActiveCfg = Debug|Any CPU
		{8B94B5AA-8CAD-40B2-9141-FAA792E498A0}.Release|Any CPU.ActiveCfg = Release|Any CPU
		{8B94B5AA-8CAD-40B2-9141-FAA792E498A0}.Release|Any CPU.Build.0 = Release|Any CPU
		{8B94B5AA-8CAD-40B2-9141-FAA792E498A0}.Release|x64.ActiveCfg = Release|Any CPU
		{8B94B5AA-8CAD-40B2-9141-FAA792E498A0}.Release|x86.ActiveCfg = Release|Any CPU
		{5400CE2B-6E7A-460C-9A5F-FFB335C7B8FD}.Debug|Any CPU.ActiveCfg = Debug|Any CPU
		{5400CE2B-6E7A-460C-9A5F-FFB335C7B8FD}.Debug|Any CPU.Build.0 = Debug|Any CPU
		{5400CE2B-6E7A-460C-9A5F-FFB335C7B8FD}.Debug|x64.ActiveCfg = Debug|Any CPU
		{5400CE2B-6E7A-460C-9A5F-FFB335C7B8FD}.Debug|x86.ActiveCfg = Debug|Any CPU
		{5400CE2B-6E7A-460C-9A5F-FFB335C7B8FD}.Release|Any CPU.ActiveCfg = Release|Any CPU
		{5400CE2B-6E7A-460C-9A5F-FFB335C7B8FD}.Release|Any CPU.Build.0 = Release|Any CPU
		{5400CE2B-6E7A-460C-9A5F-FFB335C7B8FD}.Release|x64.ActiveCfg = Release|Any CPU
		{5400CE2B-6E7A-460C-9A5F-FFB335C7B8FD}.Release|x86.ActiveCfg = Release|Any CPU
		{E8168334-E9D3-4745-9349-9F4B961BF9AF}.Debug|Any CPU.ActiveCfg = Debug|Any CPU
		{E8168334-E9D3-4745-9349-9F4B961BF9AF}.Debug|Any CPU.Build.0 = Debug|Any CPU
		{E8168334-E9D3-4745-9349-9F4B961BF9AF}.Debug|x64.ActiveCfg = Debug|Any CPU
		{E8168334-E9D3-4745-9349-9F4B961BF9AF}.Debug|x86.ActiveCfg = Debug|Any CPU
		{E8168334-E9D3-4745-9349-9F4B961BF9AF}.Release|Any CPU.ActiveCfg = Release|Any CPU
		{E8168334-E9D3-4745-9349-9F4B961BF9AF}.Release|Any CPU.Build.0 = Release|Any CPU
		{E8168334-E9D3-4745-9349-9F4B961BF9AF}.Release|x64.ActiveCfg = Release|Any CPU
		{E8168334-E9D3-4745-9349-9F4B961BF9AF}.Release|x86.ActiveCfg = Release|Any CPU
		{82A924BE-F824-4C48-9B0C-0181D2D9EEAA}.Debug|Any CPU.ActiveCfg = Debug|Any CPU
		{82A924BE-F824-4C48-9B0C-0181D2D9EEAA}.Debug|Any CPU.Build.0 = Debug|Any CPU
		{82A924BE-F824-4C48-9B0C-0181D2D9EEAA}.Debug|x64.ActiveCfg = Debug|Any CPU
		{82A924BE-F824-4C48-9B0C-0181D2D9EEAA}.Debug|x86.ActiveCfg = Debug|Any CPU
		{82A924BE-F824-4C48-9B0C-0181D2D9EEAA}.Release|Any CPU.ActiveCfg = Release|Any CPU
		{82A924BE-F824-4C48-9B0C-0181D2D9EEAA}.Release|Any CPU.Build.0 = Release|Any CPU
		{82A924BE-F824-4C48-9B0C-0181D2D9EEAA}.Release|x64.ActiveCfg = Release|Any CPU
		{82A924BE-F824-4C48-9B0C-0181D2D9EEAA}.Release|x86.ActiveCfg = Release|Any CPU
		{F7371E52-FDA6-4210-96D7-42E5CD66A82A}.Debug|Any CPU.ActiveCfg = Debug|Any CPU
		{F7371E52-FDA6-4210-96D7-42E5CD66A82A}.Debug|Any CPU.Build.0 = Debug|Any CPU
		{F7371E52-FDA6-4210-96D7-42E5CD66A82A}.Debug|x64.ActiveCfg = Debug|Any CPU
		{F7371E52-FDA6-4210-96D7-42E5CD66A82A}.Debug|x86.ActiveCfg = Debug|Any CPU
		{F7371E52-FDA6-4210-96D7-42E5CD66A82A}.Release|Any CPU.ActiveCfg = Release|Any CPU
		{F7371E52-FDA6-4210-96D7-42E5CD66A82A}.Release|Any CPU.Build.0 = Release|Any CPU
		{F7371E52-FDA6-4210-96D7-42E5CD66A82A}.Release|x64.ActiveCfg = Release|Any CPU
		{F7371E52-FDA6-4210-96D7-42E5CD66A82A}.Release|x86.ActiveCfg = Release|Any CPU
		{B262AA85-EC91-44F5-98B9-321E9548412D}.Debug|Any CPU.ActiveCfg = Debug|Any CPU
		{B262AA85-EC91-44F5-98B9-321E9548412D}.Debug|Any CPU.Build.0 = Debug|Any CPU
		{B262AA85-EC91-44F5-98B9-321E9548412D}.Debug|x64.ActiveCfg = Debug|Any CPU
		{B262AA85-EC91-44F5-98B9-321E9548412D}.Debug|x86.ActiveCfg = Debug|Any CPU
		{B262AA85-EC91-44F5-98B9-321E9548412D}.Release|Any CPU.ActiveCfg = Release|Any CPU
		{B262AA85-EC91-44F5-98B9-321E9548412D}.Release|Any CPU.Build.0 = Release|Any CPU
		{B262AA85-EC91-44F5-98B9-321E9548412D}.Release|x64.ActiveCfg = Release|Any CPU
		{B262AA85-EC91-44F5-98B9-321E9548412D}.Release|x86.ActiveCfg = Release|Any CPU
		{411E2102-3DFB-4351-95D3-29B075806C08}.Debug|Any CPU.ActiveCfg = Debug|Any CPU
		{411E2102-3DFB-4351-95D3-29B075806C08}.Debug|Any CPU.Build.0 = Debug|Any CPU
		{411E2102-3DFB-4351-95D3-29B075806C08}.Debug|x64.ActiveCfg = Debug|Any CPU
		{411E2102-3DFB-4351-95D3-29B075806C08}.Debug|x86.ActiveCfg = Debug|Any CPU
		{411E2102-3DFB-4351-95D3-29B075806C08}.Release|Any CPU.ActiveCfg = Release|Any CPU
		{411E2102-3DFB-4351-95D3-29B075806C08}.Release|Any CPU.Build.0 = Release|Any CPU
		{411E2102-3DFB-4351-95D3-29B075806C08}.Release|x64.ActiveCfg = Release|Any CPU
		{411E2102-3DFB-4351-95D3-29B075806C08}.Release|x86.ActiveCfg = Release|Any CPU
		{98D36597-51DF-4B24-9B4F-B91048A72760}.Debug|Any CPU.ActiveCfg = Debug|Any CPU
		{98D36597-51DF-4B24-9B4F-B91048A72760}.Debug|Any CPU.Build.0 = Debug|Any CPU
		{98D36597-51DF-4B24-9B4F-B91048A72760}.Debug|x64.ActiveCfg = Debug|Any CPU
		{98D36597-51DF-4B24-9B4F-B91048A72760}.Debug|x86.ActiveCfg = Debug|Any CPU
		{98D36597-51DF-4B24-9B4F-B91048A72760}.Release|Any CPU.ActiveCfg = Release|Any CPU
		{98D36597-51DF-4B24-9B4F-B91048A72760}.Release|Any CPU.Build.0 = Release|Any CPU
		{98D36597-51DF-4B24-9B4F-B91048A72760}.Release|x64.ActiveCfg = Release|Any CPU
		{98D36597-51DF-4B24-9B4F-B91048A72760}.Release|x86.ActiveCfg = Release|Any CPU
		{F2FA32E3-10CE-4431-89B8-BBB1168D0BB0}.Debug|Any CPU.ActiveCfg = Debug|Any CPU
		{F2FA32E3-10CE-4431-89B8-BBB1168D0BB0}.Debug|Any CPU.Build.0 = Debug|Any CPU
		{F2FA32E3-10CE-4431-89B8-BBB1168D0BB0}.Debug|x64.ActiveCfg = Debug|Any CPU
		{F2FA32E3-10CE-4431-89B8-BBB1168D0BB0}.Debug|x86.ActiveCfg = Debug|Any CPU
		{F2FA32E3-10CE-4431-89B8-BBB1168D0BB0}.Release|Any CPU.ActiveCfg = Release|Any CPU
		{F2FA32E3-10CE-4431-89B8-BBB1168D0BB0}.Release|Any CPU.Build.0 = Release|Any CPU
		{F2FA32E3-10CE-4431-89B8-BBB1168D0BB0}.Release|x64.ActiveCfg = Release|Any CPU
		{F2FA32E3-10CE-4431-89B8-BBB1168D0BB0}.Release|x86.ActiveCfg = Release|Any CPU
		{EB348A4F-577F-4420-81D2-E3D40CE8C137}.Debug|Any CPU.ActiveCfg = Debug|Any CPU
		{EB348A4F-577F-4420-81D2-E3D40CE8C137}.Debug|Any CPU.Build.0 = Debug|Any CPU
		{EB348A4F-577F-4420-81D2-E3D40CE8C137}.Debug|x64.ActiveCfg = Debug|Any CPU
		{EB348A4F-577F-4420-81D2-E3D40CE8C137}.Debug|x86.ActiveCfg = Debug|Any CPU
		{EB348A4F-577F-4420-81D2-E3D40CE8C137}.Release|Any CPU.ActiveCfg = Release|Any CPU
		{EB348A4F-577F-4420-81D2-E3D40CE8C137}.Release|Any CPU.Build.0 = Release|Any CPU
		{EB348A4F-577F-4420-81D2-E3D40CE8C137}.Release|x64.ActiveCfg = Release|Any CPU
		{EB348A4F-577F-4420-81D2-E3D40CE8C137}.Release|x86.ActiveCfg = Release|Any CPU
		{6B167EFF-3396-4983-B5B4-6E2BDDA3CA4E}.Debug|Any CPU.ActiveCfg = Debug|Any CPU
		{6B167EFF-3396-4983-B5B4-6E2BDDA3CA4E}.Debug|Any CPU.Build.0 = Debug|Any CPU
		{6B167EFF-3396-4983-B5B4-6E2BDDA3CA4E}.Debug|x64.ActiveCfg = Debug|Any CPU
		{6B167EFF-3396-4983-B5B4-6E2BDDA3CA4E}.Debug|x86.ActiveCfg = Debug|Any CPU
		{6B167EFF-3396-4983-B5B4-6E2BDDA3CA4E}.Release|Any CPU.ActiveCfg = Release|Any CPU
		{6B167EFF-3396-4983-B5B4-6E2BDDA3CA4E}.Release|Any CPU.Build.0 = Release|Any CPU
		{6B167EFF-3396-4983-B5B4-6E2BDDA3CA4E}.Release|x64.ActiveCfg = Release|Any CPU
		{6B167EFF-3396-4983-B5B4-6E2BDDA3CA4E}.Release|x86.ActiveCfg = Release|Any CPU
		{05D02296-91D1-41EA-A04F-41F9E1562F5A}.Debug|Any CPU.ActiveCfg = Debug|Any CPU
		{05D02296-91D1-41EA-A04F-41F9E1562F5A}.Debug|Any CPU.Build.0 = Debug|Any CPU
		{05D02296-91D1-41EA-A04F-41F9E1562F5A}.Debug|x64.ActiveCfg = Debug|Any CPU
		{05D02296-91D1-41EA-A04F-41F9E1562F5A}.Debug|x86.ActiveCfg = Debug|Any CPU
		{05D02296-91D1-41EA-A04F-41F9E1562F5A}.Release|Any CPU.ActiveCfg = Release|Any CPU
		{05D02296-91D1-41EA-A04F-41F9E1562F5A}.Release|Any CPU.Build.0 = Release|Any CPU
		{05D02296-91D1-41EA-A04F-41F9E1562F5A}.Release|x64.ActiveCfg = Release|Any CPU
		{05D02296-91D1-41EA-A04F-41F9E1562F5A}.Release|x86.ActiveCfg = Release|Any CPU
		{5D6158CF-2A1F-47A4-B8AA-F81106E63330}.Debug|Any CPU.ActiveCfg = Debug|Any CPU
		{5D6158CF-2A1F-47A4-B8AA-F81106E63330}.Debug|Any CPU.Build.0 = Debug|Any CPU
		{5D6158CF-2A1F-47A4-B8AA-F81106E63330}.Debug|x64.ActiveCfg = Debug|Any CPU
		{5D6158CF-2A1F-47A4-B8AA-F81106E63330}.Debug|x86.ActiveCfg = Debug|Any CPU
		{5D6158CF-2A1F-47A4-B8AA-F81106E63330}.Release|Any CPU.ActiveCfg = Release|Any CPU
		{5D6158CF-2A1F-47A4-B8AA-F81106E63330}.Release|Any CPU.Build.0 = Release|Any CPU
		{5D6158CF-2A1F-47A4-B8AA-F81106E63330}.Release|x64.ActiveCfg = Release|Any CPU
		{5D6158CF-2A1F-47A4-B8AA-F81106E63330}.Release|x86.ActiveCfg = Release|Any CPU
		{4E494CF3-AF1A-4CC1-ABBF-177E5E51DBEF}.Debug|Any CPU.ActiveCfg = Debug|Any CPU
		{4E494CF3-AF1A-4CC1-ABBF-177E5E51DBEF}.Debug|Any CPU.Build.0 = Debug|Any CPU
		{4E494CF3-AF1A-4CC1-ABBF-177E5E51DBEF}.Debug|x64.ActiveCfg = Debug|Any CPU
		{4E494CF3-AF1A-4CC1-ABBF-177E5E51DBEF}.Debug|x86.ActiveCfg = Debug|Any CPU
		{4E494CF3-AF1A-4CC1-ABBF-177E5E51DBEF}.Release|Any CPU.ActiveCfg = Release|Any CPU
		{4E494CF3-AF1A-4CC1-ABBF-177E5E51DBEF}.Release|Any CPU.Build.0 = Release|Any CPU
		{4E494CF3-AF1A-4CC1-ABBF-177E5E51DBEF}.Release|x64.ActiveCfg = Release|Any CPU
		{4E494CF3-AF1A-4CC1-ABBF-177E5E51DBEF}.Release|x86.ActiveCfg = Release|Any CPU
		{F2AF3591-B9A0-4691-BF11-4BE02370BF05}.Debug|Any CPU.ActiveCfg = Debug|Any CPU
		{F2AF3591-B9A0-4691-BF11-4BE02370BF05}.Debug|Any CPU.Build.0 = Debug|Any CPU
		{F2AF3591-B9A0-4691-BF11-4BE02370BF05}.Debug|x64.ActiveCfg = Debug|x64
		{F2AF3591-B9A0-4691-BF11-4BE02370BF05}.Debug|x64.Build.0 = Debug|x64
		{F2AF3591-B9A0-4691-BF11-4BE02370BF05}.Debug|x86.ActiveCfg = Debug|x86
		{F2AF3591-B9A0-4691-BF11-4BE02370BF05}.Debug|x86.Build.0 = Debug|x86
		{F2AF3591-B9A0-4691-BF11-4BE02370BF05}.Release|Any CPU.ActiveCfg = Release|Any CPU
		{F2AF3591-B9A0-4691-BF11-4BE02370BF05}.Release|Any CPU.Build.0 = Release|Any CPU
		{F2AF3591-B9A0-4691-BF11-4BE02370BF05}.Release|x64.ActiveCfg = Release|x64
		{F2AF3591-B9A0-4691-BF11-4BE02370BF05}.Release|x64.Build.0 = Release|x64
		{F2AF3591-B9A0-4691-BF11-4BE02370BF05}.Release|x86.ActiveCfg = Release|x86
		{F2AF3591-B9A0-4691-BF11-4BE02370BF05}.Release|x86.Build.0 = Release|x86
		{739A3CA7-C791-40C6-9A0A-BFCD25C223EF}.Debug|Any CPU.ActiveCfg = Debug|Any CPU
		{739A3CA7-C791-40C6-9A0A-BFCD25C223EF}.Debug|Any CPU.Build.0 = Debug|Any CPU
		{739A3CA7-C791-40C6-9A0A-BFCD25C223EF}.Debug|x64.ActiveCfg = Debug|Any CPU
		{739A3CA7-C791-40C6-9A0A-BFCD25C223EF}.Debug|x86.ActiveCfg = Debug|Any CPU
		{739A3CA7-C791-40C6-9A0A-BFCD25C223EF}.Release|Any CPU.ActiveCfg = Release|Any CPU
		{739A3CA7-C791-40C6-9A0A-BFCD25C223EF}.Release|Any CPU.Build.0 = Release|Any CPU
		{739A3CA7-C791-40C6-9A0A-BFCD25C223EF}.Release|x64.ActiveCfg = Release|Any CPU
		{739A3CA7-C791-40C6-9A0A-BFCD25C223EF}.Release|x86.ActiveCfg = Release|Any CPU
		{CC6D61EA-937D-4FBA-B7F2-02D98AF784D3}.Debug|Any CPU.ActiveCfg = Debug|Any CPU
		{CC6D61EA-937D-4FBA-B7F2-02D98AF784D3}.Debug|Any CPU.Build.0 = Debug|Any CPU
		{CC6D61EA-937D-4FBA-B7F2-02D98AF784D3}.Debug|x64.ActiveCfg = Debug|Any CPU
		{CC6D61EA-937D-4FBA-B7F2-02D98AF784D3}.Debug|x64.Build.0 = Debug|Any CPU
		{CC6D61EA-937D-4FBA-B7F2-02D98AF784D3}.Debug|x86.ActiveCfg = Debug|Any CPU
		{CC6D61EA-937D-4FBA-B7F2-02D98AF784D3}.Debug|x86.Build.0 = Debug|Any CPU
		{CC6D61EA-937D-4FBA-B7F2-02D98AF784D3}.Release|Any CPU.ActiveCfg = Release|Any CPU
		{CC6D61EA-937D-4FBA-B7F2-02D98AF784D3}.Release|Any CPU.Build.0 = Release|Any CPU
		{CC6D61EA-937D-4FBA-B7F2-02D98AF784D3}.Release|x64.ActiveCfg = Release|Any CPU
		{CC6D61EA-937D-4FBA-B7F2-02D98AF784D3}.Release|x64.Build.0 = Release|Any CPU
		{CC6D61EA-937D-4FBA-B7F2-02D98AF784D3}.Release|x86.ActiveCfg = Release|Any CPU
		{CC6D61EA-937D-4FBA-B7F2-02D98AF784D3}.Release|x86.Build.0 = Release|Any CPU
		{A04D0CDC-14FA-4CED-B866-CE2A0F357AB5}.Debug|Any CPU.ActiveCfg = Debug|Any CPU
		{A04D0CDC-14FA-4CED-B866-CE2A0F357AB5}.Debug|Any CPU.Build.0 = Debug|Any CPU
		{A04D0CDC-14FA-4CED-B866-CE2A0F357AB5}.Debug|x64.ActiveCfg = Debug|Any CPU
		{A04D0CDC-14FA-4CED-B866-CE2A0F357AB5}.Debug|x64.Build.0 = Debug|Any CPU
		{A04D0CDC-14FA-4CED-B866-CE2A0F357AB5}.Debug|x86.ActiveCfg = Debug|Any CPU
		{A04D0CDC-14FA-4CED-B866-CE2A0F357AB5}.Debug|x86.Build.0 = Debug|Any CPU
		{A04D0CDC-14FA-4CED-B866-CE2A0F357AB5}.Release|Any CPU.ActiveCfg = Release|Any CPU
		{A04D0CDC-14FA-4CED-B866-CE2A0F357AB5}.Release|Any CPU.Build.0 = Release|Any CPU
		{A04D0CDC-14FA-4CED-B866-CE2A0F357AB5}.Release|x64.ActiveCfg = Release|Any CPU
		{A04D0CDC-14FA-4CED-B866-CE2A0F357AB5}.Release|x64.Build.0 = Release|Any CPU
		{A04D0CDC-14FA-4CED-B866-CE2A0F357AB5}.Release|x86.ActiveCfg = Release|Any CPU
		{A04D0CDC-14FA-4CED-B866-CE2A0F357AB5}.Release|x86.Build.0 = Release|Any CPU
		{98AD1724-53D7-439D-A8EC-0C35F56C6BFB}.Debug|Any CPU.ActiveCfg = Debug|Any CPU
		{98AD1724-53D7-439D-A8EC-0C35F56C6BFB}.Debug|Any CPU.Build.0 = Debug|Any CPU
		{98AD1724-53D7-439D-A8EC-0C35F56C6BFB}.Debug|x64.ActiveCfg = Debug|Any CPU
		{98AD1724-53D7-439D-A8EC-0C35F56C6BFB}.Debug|x64.Build.0 = Debug|Any CPU
		{98AD1724-53D7-439D-A8EC-0C35F56C6BFB}.Debug|x86.ActiveCfg = Debug|Any CPU
		{98AD1724-53D7-439D-A8EC-0C35F56C6BFB}.Debug|x86.Build.0 = Debug|Any CPU
		{98AD1724-53D7-439D-A8EC-0C35F56C6BFB}.Release|Any CPU.ActiveCfg = Release|Any CPU
		{98AD1724-53D7-439D-A8EC-0C35F56C6BFB}.Release|Any CPU.Build.0 = Release|Any CPU
		{98AD1724-53D7-439D-A8EC-0C35F56C6BFB}.Release|x64.ActiveCfg = Release|Any CPU
		{98AD1724-53D7-439D-A8EC-0C35F56C6BFB}.Release|x64.Build.0 = Release|Any CPU
		{98AD1724-53D7-439D-A8EC-0C35F56C6BFB}.Release|x86.ActiveCfg = Release|Any CPU
		{98AD1724-53D7-439D-A8EC-0C35F56C6BFB}.Release|x86.Build.0 = Release|Any CPU
		{12CB2F31-3525-4A8C-8CF6-DE177A194D1A}.Debug|Any CPU.ActiveCfg = Debug|Any CPU
		{12CB2F31-3525-4A8C-8CF6-DE177A194D1A}.Debug|Any CPU.Build.0 = Debug|Any CPU
		{12CB2F31-3525-4A8C-8CF6-DE177A194D1A}.Debug|x64.ActiveCfg = Debug|Any CPU
		{12CB2F31-3525-4A8C-8CF6-DE177A194D1A}.Debug|x64.Build.0 = Debug|Any CPU
		{12CB2F31-3525-4A8C-8CF6-DE177A194D1A}.Debug|x86.ActiveCfg = Debug|Any CPU
		{12CB2F31-3525-4A8C-8CF6-DE177A194D1A}.Debug|x86.Build.0 = Debug|Any CPU
		{12CB2F31-3525-4A8C-8CF6-DE177A194D1A}.Release|Any CPU.ActiveCfg = Release|Any CPU
		{12CB2F31-3525-4A8C-8CF6-DE177A194D1A}.Release|Any CPU.Build.0 = Release|Any CPU
		{12CB2F31-3525-4A8C-8CF6-DE177A194D1A}.Release|x64.ActiveCfg = Release|Any CPU
		{12CB2F31-3525-4A8C-8CF6-DE177A194D1A}.Release|x64.Build.0 = Release|Any CPU
		{12CB2F31-3525-4A8C-8CF6-DE177A194D1A}.Release|x86.ActiveCfg = Release|Any CPU
		{12CB2F31-3525-4A8C-8CF6-DE177A194D1A}.Release|x86.Build.0 = Release|Any CPU
		{B1ACD139-5512-46E3-A47B-CD66023C9063}.Debug|Any CPU.ActiveCfg = Debug|Any CPU
		{B1ACD139-5512-46E3-A47B-CD66023C9063}.Debug|Any CPU.Build.0 = Debug|Any CPU
		{B1ACD139-5512-46E3-A47B-CD66023C9063}.Debug|x64.ActiveCfg = Debug|Any CPU
		{B1ACD139-5512-46E3-A47B-CD66023C9063}.Debug|x64.Build.0 = Debug|Any CPU
		{B1ACD139-5512-46E3-A47B-CD66023C9063}.Debug|x86.ActiveCfg = Debug|Any CPU
		{B1ACD139-5512-46E3-A47B-CD66023C9063}.Debug|x86.Build.0 = Debug|Any CPU
		{B1ACD139-5512-46E3-A47B-CD66023C9063}.Release|Any CPU.ActiveCfg = Release|Any CPU
		{B1ACD139-5512-46E3-A47B-CD66023C9063}.Release|Any CPU.Build.0 = Release|Any CPU
		{B1ACD139-5512-46E3-A47B-CD66023C9063}.Release|x64.ActiveCfg = Release|Any CPU
		{B1ACD139-5512-46E3-A47B-CD66023C9063}.Release|x64.Build.0 = Release|Any CPU
		{B1ACD139-5512-46E3-A47B-CD66023C9063}.Release|x86.ActiveCfg = Release|Any CPU
		{B1ACD139-5512-46E3-A47B-CD66023C9063}.Release|x86.Build.0 = Release|Any CPU
		{5E995ED5-1A22-4A50-A866-381359C80C2A}.Debug|Any CPU.ActiveCfg = Debug|Any CPU
		{5E995ED5-1A22-4A50-A866-381359C80C2A}.Debug|Any CPU.Build.0 = Debug|Any CPU
		{5E995ED5-1A22-4A50-A866-381359C80C2A}.Debug|x64.ActiveCfg = Debug|Any CPU
		{5E995ED5-1A22-4A50-A866-381359C80C2A}.Debug|x64.Build.0 = Debug|Any CPU
		{5E995ED5-1A22-4A50-A866-381359C80C2A}.Debug|x86.ActiveCfg = Debug|Any CPU
		{5E995ED5-1A22-4A50-A866-381359C80C2A}.Debug|x86.Build.0 = Debug|Any CPU
		{5E995ED5-1A22-4A50-A866-381359C80C2A}.Release|Any CPU.ActiveCfg = Release|Any CPU
		{5E995ED5-1A22-4A50-A866-381359C80C2A}.Release|Any CPU.Build.0 = Release|Any CPU
		{5E995ED5-1A22-4A50-A866-381359C80C2A}.Release|x64.ActiveCfg = Release|Any CPU
		{5E995ED5-1A22-4A50-A866-381359C80C2A}.Release|x64.Build.0 = Release|Any CPU
		{5E995ED5-1A22-4A50-A866-381359C80C2A}.Release|x86.ActiveCfg = Release|Any CPU
		{5E995ED5-1A22-4A50-A866-381359C80C2A}.Release|x86.Build.0 = Release|Any CPU
		{5038A699-2C69-4B8F-A436-C7463DE359AE}.Debug|Any CPU.ActiveCfg = Debug|Any CPU
		{5038A699-2C69-4B8F-A436-C7463DE359AE}.Debug|Any CPU.Build.0 = Debug|Any CPU
		{5038A699-2C69-4B8F-A436-C7463DE359AE}.Debug|x64.ActiveCfg = Debug|Any CPU
		{5038A699-2C69-4B8F-A436-C7463DE359AE}.Debug|x64.Build.0 = Debug|Any CPU
		{5038A699-2C69-4B8F-A436-C7463DE359AE}.Debug|x86.ActiveCfg = Debug|Any CPU
		{5038A699-2C69-4B8F-A436-C7463DE359AE}.Debug|x86.Build.0 = Debug|Any CPU
		{5038A699-2C69-4B8F-A436-C7463DE359AE}.Release|Any CPU.ActiveCfg = Release|Any CPU
		{5038A699-2C69-4B8F-A436-C7463DE359AE}.Release|Any CPU.Build.0 = Release|Any CPU
		{5038A699-2C69-4B8F-A436-C7463DE359AE}.Release|x64.ActiveCfg = Release|Any CPU
		{5038A699-2C69-4B8F-A436-C7463DE359AE}.Release|x64.Build.0 = Release|Any CPU
		{5038A699-2C69-4B8F-A436-C7463DE359AE}.Release|x86.ActiveCfg = Release|Any CPU
		{5038A699-2C69-4B8F-A436-C7463DE359AE}.Release|x86.Build.0 = Release|Any CPU
		{EC7F07D0-B196-4ADF-94D0-FE6AF74BD30C}.Debug|Any CPU.ActiveCfg = Debug|Any CPU
		{EC7F07D0-B196-4ADF-94D0-FE6AF74BD30C}.Debug|Any CPU.Build.0 = Debug|Any CPU
		{EC7F07D0-B196-4ADF-94D0-FE6AF74BD30C}.Debug|x64.ActiveCfg = Debug|Any CPU
		{EC7F07D0-B196-4ADF-94D0-FE6AF74BD30C}.Debug|x64.Build.0 = Debug|Any CPU
		{EC7F07D0-B196-4ADF-94D0-FE6AF74BD30C}.Debug|x86.ActiveCfg = Debug|Any CPU
		{EC7F07D0-B196-4ADF-94D0-FE6AF74BD30C}.Debug|x86.Build.0 = Debug|Any CPU
		{EC7F07D0-B196-4ADF-94D0-FE6AF74BD30C}.Release|Any CPU.ActiveCfg = Release|Any CPU
		{EC7F07D0-B196-4ADF-94D0-FE6AF74BD30C}.Release|Any CPU.Build.0 = Release|Any CPU
		{EC7F07D0-B196-4ADF-94D0-FE6AF74BD30C}.Release|x64.ActiveCfg = Release|Any CPU
		{EC7F07D0-B196-4ADF-94D0-FE6AF74BD30C}.Release|x64.Build.0 = Release|Any CPU
		{EC7F07D0-B196-4ADF-94D0-FE6AF74BD30C}.Release|x86.ActiveCfg = Release|Any CPU
		{EC7F07D0-B196-4ADF-94D0-FE6AF74BD30C}.Release|x86.Build.0 = Release|Any CPU
		{022DDD4D-7A6E-4B50-8345-5CE9B81EDCE1}.Debug|Any CPU.ActiveCfg = Debug|Any CPU
		{022DDD4D-7A6E-4B50-8345-5CE9B81EDCE1}.Debug|Any CPU.Build.0 = Debug|Any CPU
		{022DDD4D-7A6E-4B50-8345-5CE9B81EDCE1}.Debug|x64.ActiveCfg = Debug|Any CPU
		{022DDD4D-7A6E-4B50-8345-5CE9B81EDCE1}.Debug|x64.Build.0 = Debug|Any CPU
		{022DDD4D-7A6E-4B50-8345-5CE9B81EDCE1}.Debug|x86.ActiveCfg = Debug|Any CPU
		{022DDD4D-7A6E-4B50-8345-5CE9B81EDCE1}.Debug|x86.Build.0 = Debug|Any CPU
		{022DDD4D-7A6E-4B50-8345-5CE9B81EDCE1}.Release|Any CPU.ActiveCfg = Release|Any CPU
		{022DDD4D-7A6E-4B50-8345-5CE9B81EDCE1}.Release|Any CPU.Build.0 = Release|Any CPU
		{022DDD4D-7A6E-4B50-8345-5CE9B81EDCE1}.Release|x64.ActiveCfg = Release|Any CPU
		{022DDD4D-7A6E-4B50-8345-5CE9B81EDCE1}.Release|x64.Build.0 = Release|Any CPU
		{022DDD4D-7A6E-4B50-8345-5CE9B81EDCE1}.Release|x86.ActiveCfg = Release|Any CPU
		{022DDD4D-7A6E-4B50-8345-5CE9B81EDCE1}.Release|x86.Build.0 = Release|Any CPU
		{FFD7E868-4AAA-451C-A3F5-3A9F7FC84846}.Debug|Any CPU.ActiveCfg = Debug|Any CPU
		{FFD7E868-4AAA-451C-A3F5-3A9F7FC84846}.Debug|Any CPU.Build.0 = Debug|Any CPU
		{FFD7E868-4AAA-451C-A3F5-3A9F7FC84846}.Debug|x64.ActiveCfg = Debug|Any CPU
		{FFD7E868-4AAA-451C-A3F5-3A9F7FC84846}.Debug|x64.Build.0 = Debug|Any CPU
		{FFD7E868-4AAA-451C-A3F5-3A9F7FC84846}.Debug|x86.ActiveCfg = Debug|Any CPU
		{FFD7E868-4AAA-451C-A3F5-3A9F7FC84846}.Debug|x86.Build.0 = Debug|Any CPU
		{FFD7E868-4AAA-451C-A3F5-3A9F7FC84846}.Release|Any CPU.ActiveCfg = Release|Any CPU
		{FFD7E868-4AAA-451C-A3F5-3A9F7FC84846}.Release|Any CPU.Build.0 = Release|Any CPU
		{FFD7E868-4AAA-451C-A3F5-3A9F7FC84846}.Release|x64.ActiveCfg = Release|Any CPU
		{FFD7E868-4AAA-451C-A3F5-3A9F7FC84846}.Release|x64.Build.0 = Release|Any CPU
		{FFD7E868-4AAA-451C-A3F5-3A9F7FC84846}.Release|x86.ActiveCfg = Release|Any CPU
		{FFD7E868-4AAA-451C-A3F5-3A9F7FC84846}.Release|x86.Build.0 = Release|Any CPU
	EndGlobalSection
	GlobalSection(SolutionProperties) = preSolution
		HideSolutionNode = FALSE
	EndGlobalSection
	GlobalSection(NestedProjects) = preSolution
		{5B08F2FB-528C-4F9A-83D7-EB5C6FCB14B4} = {6288936A-1038-45C2-9DBC-EBD56B32FF7F}
		{57BEA193-7494-4266-B770-B79273488D31} = {6288936A-1038-45C2-9DBC-EBD56B32FF7F}
		{6CF95594-E624-4B58-ADD1-E2DEE832C648} = {6288936A-1038-45C2-9DBC-EBD56B32FF7F}
		{7D10A961-B88F-4A92-8751-43357D348895} = {1E4213B9-B7A8-48ED-8FE7-7EFFF5DEF55C}
		{BBC36472-87ED-4F72-8E63-A5555A32691B} = {1E4213B9-B7A8-48ED-8FE7-7EFFF5DEF55C}
		{A0B3E3FF-8A73-41D1-9766-A039CB5D08FF} = {B4B90484-EAA0-4C04-B4E2-6EC0C3F41998}
		{7ABE3CD0-6A1C-43DD-B412-05BF21AB3512} = {6288936A-1038-45C2-9DBC-EBD56B32FF7F}
		{8B94B5AA-8CAD-40B2-9141-FAA792E498A0} = {5B08F2FB-528C-4F9A-83D7-EB5C6FCB14B4}
		{5400CE2B-6E7A-460C-9A5F-FFB335C7B8FD} = {6CF95594-E624-4B58-ADD1-E2DEE832C648}
		{E8168334-E9D3-4745-9349-9F4B961BF9AF} = {5B08F2FB-528C-4F9A-83D7-EB5C6FCB14B4}
		{82A924BE-F824-4C48-9B0C-0181D2D9EEAA} = {57BEA193-7494-4266-B770-B79273488D31}
		{F7371E52-FDA6-4210-96D7-42E5CD66A82A} = {5B08F2FB-528C-4F9A-83D7-EB5C6FCB14B4}
		{B262AA85-EC91-44F5-98B9-321E9548412D} = {5B08F2FB-528C-4F9A-83D7-EB5C6FCB14B4}
		{411E2102-3DFB-4351-95D3-29B075806C08} = {5B08F2FB-528C-4F9A-83D7-EB5C6FCB14B4}
		{98D36597-51DF-4B24-9B4F-B91048A72760} = {7D10A961-B88F-4A92-8751-43357D348895}
		{F2FA32E3-10CE-4431-89B8-BBB1168D0BB0} = {5B08F2FB-528C-4F9A-83D7-EB5C6FCB14B4}
		{EB348A4F-577F-4420-81D2-E3D40CE8C137} = {1E4213B9-B7A8-48ED-8FE7-7EFFF5DEF55C}
		{6B167EFF-3396-4983-B5B4-6E2BDDA3CA4E} = {7D10A961-B88F-4A92-8751-43357D348895}
		{05D02296-91D1-41EA-A04F-41F9E1562F5A} = {7D10A961-B88F-4A92-8751-43357D348895}
		{5D6158CF-2A1F-47A4-B8AA-F81106E63330} = {7D10A961-B88F-4A92-8751-43357D348895}
		{4E494CF3-AF1A-4CC1-ABBF-177E5E51DBEF} = {7D10A961-B88F-4A92-8751-43357D348895}
		{F2AF3591-B9A0-4691-BF11-4BE02370BF05} = {7D10A961-B88F-4A92-8751-43357D348895}
		{44B96304-5DFB-453B-B8D8-30A1DAC63315} = {BBC36472-87ED-4F72-8E63-A5555A32691B}
		{739A3CA7-C791-40C6-9A0A-BFCD25C223EF} = {44B96304-5DFB-453B-B8D8-30A1DAC63315}
		{CC6D61EA-937D-4FBA-B7F2-02D98AF784D3} = {57BEA193-7494-4266-B770-B79273488D31}
		{A04D0CDC-14FA-4CED-B866-CE2A0F357AB5} = {57BEA193-7494-4266-B770-B79273488D31}
		{98AD1724-53D7-439D-A8EC-0C35F56C6BFB} = {57BEA193-7494-4266-B770-B79273488D31}
		{12CB2F31-3525-4A8C-8CF6-DE177A194D1A} = {57BEA193-7494-4266-B770-B79273488D31}
		{B1ACD139-5512-46E3-A47B-CD66023C9063} = {5B08F2FB-528C-4F9A-83D7-EB5C6FCB14B4}
		{5E995ED5-1A22-4A50-A866-381359C80C2A} = {7D10A961-B88F-4A92-8751-43357D348895}
		{5038A699-2C69-4B8F-A436-C7463DE359AE} = {57BEA193-7494-4266-B770-B79273488D31}
		{EC7F07D0-B196-4ADF-94D0-FE6AF74BD30C} = {57BEA193-7494-4266-B770-B79273488D31}
		{022DDD4D-7A6E-4B50-8345-5CE9B81EDCE1} = {57BEA193-7494-4266-B770-B79273488D31}
		{FFD7E868-4AAA-451C-A3F5-3A9F7FC84846} = {57BEA193-7494-4266-B770-B79273488D31}
	EndGlobalSection
	GlobalSection(ExtensibilityGlobals) = postSolution
		SolutionGuid = {937322CF-577A-4FF2-B77D-D87C35406E48}
	EndGlobalSection
EndGlobal
